<?xml version="1.0" encoding="utf-8"?>
<Project ToolsVersion="4.0" xmlns="http://schemas.microsoft.com/developer/msbuild/2003">
  <ItemGroup>
    <Filter Include="Assets">
      <UniqueIdentifier>{08a26e93-524c-4982-a01c-c8d4f223d6be}</UniqueIdentifier>
    </Filter>
    <Filter Include="Source Files">
      <UniqueIdentifier>{4FC737F1-C7A5-4376-A066-2A32D752A2FF}</UniqueIdentifier>
      <Extensions>cpp;c;cc;cxx;def;odl;idl;hpj;bat;asm;asmx;s</Extensions>
    </Filter>
    <Filter Include="Header Files">
      <UniqueIdentifier>{93995380-89BD-4b04-88EB-625FBE52EBFB}</UniqueIdentifier>
      <Extensions>h;hpp;hxx;hm;inl;inc;xsd;pch;pch++</Extensions>
    </Filter>
    <Filter Include="Resource Files">
      <UniqueIdentifier>{67DA6AB6-F800-4c08-8B7A-83BB121AAD01}</UniqueIdentifier>
      <Extensions>rc;ico;cur;bmp;dlg;rc2;rct;bin;rgs;gif;jpg;jpeg;jpe;resx;tiff;tif;png;wav;mfcribbon-ms</Extensions>
    </Filter>
  </ItemGroup>
  <ItemGroup>
    <None Include="Assets\NitroDebugger.xaml">
      <Filter>Assets</Filter>
    </None>
    <None Include="Assets\errparse.sed">
      <Filter>Assets</Filter>
    </None>
    <None Include="build.bat">
      <Filter>Assets</Filter>
    </None>
    <None Include="NitroBuilder.exe">
      <Filter>Assets</Filter>
    </None>
    <None Include="build.config">
      <Filter>Assets</Filter>
    </None>
    <None Include="clean.bat">
      <Filter>Assets</Filter>
    </None>
    <None Include="Nitro.lcf.lsf">
      <Filter>Assets</Filter>
    </None>
    <None Include="rebuild.bat">
      <Filter>Assets</Filter>
    </None>
    <None Include="ROM-TS.rsf">
      <Filter>Assets</Filter>
    </None>
    <None Include="files\data\placeholder.txt">
      <Filter>Assets</Filter>
    </None>
  </ItemGroup>
  <ItemGroup>
    <ClCompile Include="src\main.cpp">
      <Filter>Source Files</Filter>
    </ClCompile>
    <ClCompile Include="src\exception.cpp">
      <Filter>Source Files</Filter>
    </ClCompile>
    <ClCompile Include="src\core.cpp">
      <Filter>Source Files</Filter>
    </ClCompile>
    <ClCompile Include="src\print.cpp">
      <Filter>Source Files</Filter>
    </ClCompile>
    <ClInclude Include="src\core.h">
      <Filter>Header Files</Filter>
    </ClInclude>
    <ClInclude Include="src\common.h">
      <Filter>Header Files</Filter>
    </ClInclude>
    <ClInclude Include="src\common.pch">
      <Filter>Header Files</Filter>
    </ClInclude>
    <ClInclude Include="src\common.pch++">
      <Filter>Header Files</Filter>
    </ClInclude>
    <ClInclude Include="src\print.h">
      <Filter>Header Files</Filter>
    </ClInclude>
    <ClInclude Include="src\exception.h">
      <Filter>Header Files</Filter>
    </ClInclude>
    <ClCompile Include="src\Test.cpp">
      <Filter>Source Files</Filter>
    </ClCompile>
    <ClCompile Include="src\camera\Camera.cpp">
      <Filter>Source Files</Filter>
    </ClCompile>
    <ClCompile Include="src\camera\StandardCamera.cpp">
      <Filter>Source Files</Filter>
    </ClCompile>
    <ClCompile Include="src\player\Player.cpp">
      <Filter>Source Files</Filter>
    </ClCompile>
    <ClCompile Include="src\util.cpp">
      <Filter>Source Files</Filter>
    </ClCompile>
    <ClCompile Include="src\player\NormalBehavior.cpp">
      <Filter>Source Files</Filter>
    </ClCompile>
    <ClCompile Include="src\math\kcl.cpp">
      <Filter>Source Files</Filter>
    </ClCompile>
    <ClCompile Include="src\collider\Collider.cpp">
      <Filter>Source Files</Filter>
    </ClCompile>
    <ClCompile Include="src\collider\MeshCollider.cpp">
      <Filter>Source Files</Filter>
    </ClCompile>
    <ClCompile Include="src\collider\SphereCollider.cpp">
      <Filter>Source Files</Filter>
    </ClCompile>
    <ClCompile Include="src\Paper.cpp">
      <Filter>Source Files</Filter>
    </ClCompile>
  </ItemGroup>
  <ItemGroup>
    <ClInclude Include="src\Test.h">
      <Filter>Header Files</Filter>
    </ClInclude>
    <ClInclude Include="src\camera\Camera.h">
      <Filter>Header Files</Filter>
    </ClInclude>
    <ClInclude Include="src\camera\StandardCamera.h">
      <Filter>Header Files</Filter>
    </ClInclude>
    <ClInclude Include="src\camera\CameraBehavior.h">
      <Filter>Header Files</Filter>
    </ClInclude>
    <ClInclude Include="src\player\Player.h">
      <Filter>Header Files</Filter>
    </ClInclude>
    <ClInclude Include="src\util.h">
      <Filter>Header Files</Filter>
    </ClInclude>
    <ClInclude Include="src\player\PlayerBehavior.h">
      <Filter>Header Files</Filter>
    </ClInclude>
    <ClInclude Include="src\player\NormalBehavior.h">
      <Filter>Header Files</Filter>
    </ClInclude>
    <ClInclude Include="src\math\Cube3d.h">
      <Filter>Header Files</Filter>
    </ClInclude>
    <ClInclude Include="src\math\kcl.h">
      <Filter>Header Files</Filter>
    </ClInclude>
    <ClInclude Include="src\math\Quaternion.h">
      <Filter>Header Files</Filter>
    </ClInclude>
    <ClInclude Include="src\collider\Collider.h">
      <Filter>Header Files</Filter>
    </ClInclude>
    <ClInclude Include="src\collider\MeshCollider.h">
      <Filter>Header Files</Filter>
    </ClInclude>
    <ClInclude Include="src\collider\SphereCollider.h">
      <Filter>Header Files</Filter>
    </ClInclude>
    <ClInclude Include="src\Paper.h">
      <Filter>Header Files</Filter>
    </ClInclude>
  </ItemGroup>
</Project>